
Microsoft Visual Studio Solution File, Format Version 12.00
# Visual Studio 14
VisualStudioVersion = 14.0.23107.0
MinimumVisualStudioVersion = 10.0.40219.1
Project("{FAE04EC0-301F-11D3-BF4B-00C04F79EFBC}") = "WebSource", "WebSource\WebSource.csproj", "{910E76E6-9734-4A27-891B-04EBEDABE102}"
EndProject
Global
	GlobalSection(SolutionConfigurationPlatforms) = preSolution
		Debug|Any CPU = Debug|Any CPU
		Release|Any CPU = Release|Any CPU
	EndGlobalSection
	GlobalSection(ProjectConfigurationPlatforms) = postSolution
		{910E76E6-9734-4A27-891B-04EBEDABE102}.Debug|Any CPU.ActiveCfg = Debug|Any CPU
		{910E76E6-9734-4A27-891B-04EBEDABE102}.Debug|Any CPU.Build.0 = Debug|Any CPU
		{910E76E6-9734-4A27-891B-04EBEDABE102}.Release|Any CPU.ActiveCfg = Release|Any CPU
		{910E76E6-9734-4A27-891B-04EBEDABE102}.Release|Any CPU.Build.0 = Release|Any CPU
	EndGlobalSection
	GlobalSection(SolutionProperties) = preSolution
		HideSolutionNode = FALSE
	EndGlobalSection
EndGlobal
